# This file is automatically @generated by Cargo.
# It is not intended for manual editing.
version = 4

[[package]]
name = "zkth06-early-gameplay"
version = "0.1.0"
dependencies = [
 "zkth06-player-bullet-lifecycle",
 "zkth06-player-bullets",
 "zkth06-player-motion",
]

[[package]]
name = "zkth06-first-item"
version = "0.1.0"
dependencies = [
 "zkth06-early-gameplay",
 "zkth06-first-wave",
 "zkth06-player-bullet-lifecycle",
 "zkth06-player-bullets",
 "zkth06-player-motion",
 "zkth06-player-shooting",
]

[[package]]
name = "zkth06-first-wave"
version = "0.1.0"
dependencies = [
 "zkth06-early-gameplay",
 "zkth06-player-bullet-lifecycle",
 "zkth06-player-bullets",
 "zkth06-player-motion",
 "zkth06-player-shooting",
]

[[package]]
name = "zkth06-player-bullet-lifecycle"
version = "0.1.0"
dependencies = [
 "zkth06-player-bullets",
 "zkth06-player-motion",
 "zkth06-player-shooting",
]

[[package]]
name = "zkth06-player-bullets"
version = "0.1.0"
dependencies = [
 "zkth06-player-motion",
]

[[package]]
name = "zkth06-player-motion"
version = "0.1.0"

[[package]]
name = "zkth06-player-shooting"
version = "0.1.0"
dependencies = [
 "zkth06-player-motion",
]
